version = 1
revision = 1
requires-python = ">=3.13"

[[package]]
name = "geoalmanac"
version = "0.1.0"
source = { editable = "." }
dependencies = [
    { name = "gpxpy" },
]

[package.metadata]
requires-dist = [{ name = "gpxpy" }]

[[package]]
name = "gpxpy"
version = "1.6.2"
source = { registry = "https://pypi.org/simple" }
sdist = { url = "https://files.pythonhosted.org/packages/20/ad/6f1a34e702c72cb495bb258396f237ded76c00f9fe67054a44d778d24ed9/gpxpy-1.6.2.tar.gz", hash = "sha256:a72c484b97ec42b80834353b029cc8ee1b79f0ffca1179b2210bb3baf26c01ae", size = 111695 }
wheels = [
    { url = "https://files.pythonhosted.org/packages/44/9f/62df6c1e52462bdd04275b36cec49efa9e8af7e7b834499eb288f73dcfbc/gpxpy-1.6.2-py3-none-any.whl", hash = "sha256:289bc2d80f116c988d0a1e763fda22838f83005573ece2bbc6521817b26fb40a", size = 42649 },
]
